
Microsoft Visual Studio Solution File, Format Version 12.00
Project("{FAE04EC0-301F-11D3-BF4B-00C04F79EFBC}") = "AnalyzerQC.Domain", "AnalyzerQC.Domain\AnalyzerQC.Domain.csproj", "{29E82916-DA8A-43C9-9337-1F49DFF0669D}"
EndProject
Project("{FAE04EC0-301F-11D3-BF4B-00C04F79EFBC}") = "AnalyzerQC.WebApi", "AnalyzerQC.WebApi\AnalyzerQC.WebApi.csproj", "{65F46201-7E1C-4C49-A7BC-902069BB7AF2}"
EndProject
Project("{2150E333-8FDC-42A3-9474-1A3956D46DE8}") = "Tools", "Tools", "{F0235CA7-4D0E-4CA4-999B-6188105BF8F1}"
EndProject
Project("{FAE04EC0-301F-11D3-BF4B-00C04F79EFBC}") = "AnalyzerQC.Tools.MasterDataSeeder", "AnalyzerQC.Tools.MasterDataSeeder\AnalyzerQC.Tools.MasterDataSeeder.csproj", "{3C2A872C-BA31-4651-9D69-2FDECED1335E}"
EndProject
Global
	GlobalSection(SolutionConfigurationPlatforms) = preSolution
		Debug|Any CPU = Debug|Any CPU
		Release|Any CPU = Release|Any CPU
	EndGlobalSection
	GlobalSection(ProjectConfigurationPlatforms) = postSolution
		{29E82916-DA8A-43C9-9337-1F49DFF0669D}.Debug|Any CPU.ActiveCfg = Debug|Any CPU
		{29E82916-DA8A-43C9-9337-1F49DFF0669D}.Debug|Any CPU.Build.0 = Debug|Any CPU
		{29E82916-DA8A-43C9-9337-1F49DFF0669D}.Release|Any CPU.ActiveCfg = Release|Any CPU
		{29E82916-DA8A-43C9-9337-1F49DFF0669D}.Release|Any CPU.Build.0 = Release|Any CPU
		{65F46201-7E1C-4C49-A7BC-902069BB7AF2}.Debug|Any CPU.ActiveCfg = Debug|Any CPU
		{65F46201-7E1C-4C49-A7BC-902069BB7AF2}.Debug|Any CPU.Build.0 = Debug|Any CPU
		{65F46201-7E1C-4C49-A7BC-902069BB7AF2}.Release|Any CPU.ActiveCfg = Release|Any CPU
		{65F46201-7E1C-4C49-A7BC-902069BB7AF2}.Release|Any CPU.Build.0 = Release|Any CPU
		{3C2A872C-BA31-4651-9D69-2FDECED1335E}.Debug|Any CPU.ActiveCfg = Debug|Any CPU
		{3C2A872C-BA31-4651-9D69-2FDECED1335E}.Debug|Any CPU.Build.0 = Debug|Any CPU
		{3C2A872C-BA31-4651-9D69-2FDECED1335E}.Release|Any CPU.ActiveCfg = Release|Any CPU
		{3C2A872C-BA31-4651-9D69-2FDECED1335E}.Release|Any CPU.Build.0 = Release|Any CPU
	EndGlobalSection
	GlobalSection(NestedProjects) = preSolution
		{3C2A872C-BA31-4651-9D69-2FDECED1335E} = {F0235CA7-4D0E-4CA4-999B-6188105BF8F1}
	EndGlobalSection
EndGlobal
