
Microsoft Visual Studio Solution File, Format Version 12.00
Project("{FAE04EC0-301F-11D3-BF4B-00C04F79EFBC}") = "AnalyzerQC.Domain", "AnalyzerQC.Domain\AnalyzerQC.Domain.csproj", "{29E82916-DA8A-43C9-9337-1F49DFF0669D}"
EndProject
Project("{FAE04EC0-301F-11D3-BF4B-00C04F79EFBC}") = "AnalyzerQC.WebApi", "AnalyzerQC.WebApi\AnalyzerQC.WebApi.csproj", "{65F46201-7E1C-4C49-A7BC-902069BB7AF2}"
EndProject
Project("{2150E333-8FDC-42A3-9474-1A3956D46DE8}") = "Tools", "Tools", "{F0235CA7-4D0E-4CA4-999B-6188105BF8F1}"
EndProject
Project("{FAE04EC0-301F-11D3-BF4B-00C04F79EFBC}") = "AnalyzerQC.Tools.MasterDataSeeder", "AnalyzerQC.Tools.MasterDataSeeder\AnalyzerQC.Tools.MasterDataSeeder.csproj", "{3C2A872C-BA31-4651-9D69-2FDECED1335E}"
EndProject
Project("{FAE04EC0-301F-11D3-BF4B-00C04F79EFBC}") = "AnalyzerQC.Application", "AnalyzerQC.Application\AnalyzerQC.Application.csproj", "{3B1E0931-E626-46E5-A3EA-3D709563AB28}"
EndProject
Project("{FAE04EC0-301F-11D3-BF4B-00C04F79EFBC}") = "AnalyzerQC.Infrastructure", "AnalyzerQC.Infrastructure\AnalyzerQC.Infrastructure.csproj", "{08CDCBB8-E5AF-4C87-B62E-24BA5F76E235}"
EndProject
Project("{2150E333-8FDC-42A3-9474-1A3956D46DE8}") = "Src", "Src", "{4DDC5E11-D15D-4D47-B037-4FE4C6F417B4}"
EndProject
Project("{2150E333-8FDC-42A3-9474-1A3956D46DE8}") = "Test", "Test", "{CE7C961C-A98E-42EE-A815-380D49560A6C}"
EndProject
Project("{FAE04EC0-301F-11D3-BF4B-00C04F79EFBC}") = "AnalyzerQC.Domain.UnitTest", "AnalyzerQC.Domain.UnitTest\AnalyzerQC.Domain.UnitTest.csproj", "{134A2946-10C9-4F9F-85C3-0EE74910D4F1}"
EndProject
Project("{FAE04EC0-301F-11D3-BF4B-00C04F79EFBC}") = "AnalyzerQC.Application.UnitTest", "AnalyzerQC.Application.UnitTest\AnalyzerQC.Application.UnitTest.csproj", "{D36DAE47-F2FD-4FB6-9B09-EB5FC17539BA}"
EndProject
Global
	GlobalSection(SolutionConfigurationPlatforms) = preSolution
		Debug|Any CPU = Debug|Any CPU
		Release|Any CPU = Release|Any CPU
	EndGlobalSection
	GlobalSection(ProjectConfigurationPlatforms) = postSolution
		{29E82916-DA8A-43C9-9337-1F49DFF0669D}.Debug|Any CPU.ActiveCfg = Debug|Any CPU
		{29E82916-DA8A-43C9-9337-1F49DFF0669D}.Debug|Any CPU.Build.0 = Debug|Any CPU
		{29E82916-DA8A-43C9-9337-1F49DFF0669D}.Release|Any CPU.ActiveCfg = Release|Any CPU
		{29E82916-DA8A-43C9-9337-1F49DFF0669D}.Release|Any CPU.Build.0 = Release|Any CPU
		{65F46201-7E1C-4C49-A7BC-902069BB7AF2}.Debug|Any CPU.ActiveCfg = Debug|Any CPU
		{65F46201-7E1C-4C49-A7BC-902069BB7AF2}.Debug|Any CPU.Build.0 = Debug|Any CPU
		{65F46201-7E1C-4C49-A7BC-902069BB7AF2}.Release|Any CPU.ActiveCfg = Release|Any CPU
		{65F46201-7E1C-4C49-A7BC-902069BB7AF2}.Release|Any CPU.Build.0 = Release|Any CPU
		{3C2A872C-BA31-4651-9D69-2FDECED1335E}.Debug|Any CPU.ActiveCfg = Debug|Any CPU
		{3C2A872C-BA31-4651-9D69-2FDECED1335E}.Debug|Any CPU.Build.0 = Debug|Any CPU
		{3C2A872C-BA31-4651-9D69-2FDECED1335E}.Release|Any CPU.ActiveCfg = Release|Any CPU
		{3C2A872C-BA31-4651-9D69-2FDECED1335E}.Release|Any CPU.Build.0 = Release|Any CPU
		{3B1E0931-E626-46E5-A3EA-3D709563AB28}.Debug|Any CPU.ActiveCfg = Debug|Any CPU
		{3B1E0931-E626-46E5-A3EA-3D709563AB28}.Debug|Any CPU.Build.0 = Debug|Any CPU
		{3B1E0931-E626-46E5-A3EA-3D709563AB28}.Release|Any CPU.ActiveCfg = Release|Any CPU
		{3B1E0931-E626-46E5-A3EA-3D709563AB28}.Release|Any CPU.Build.0 = Release|Any CPU
		{08CDCBB8-E5AF-4C87-B62E-24BA5F76E235}.Debug|Any CPU.ActiveCfg = Debug|Any CPU
		{08CDCBB8-E5AF-4C87-B62E-24BA5F76E235}.Debug|Any CPU.Build.0 = Debug|Any CPU
		{08CDCBB8-E5AF-4C87-B62E-24BA5F76E235}.Release|Any CPU.ActiveCfg = Release|Any CPU
		{08CDCBB8-E5AF-4C87-B62E-24BA5F76E235}.Release|Any CPU.Build.0 = Release|Any CPU
		{134A2946-10C9-4F9F-85C3-0EE74910D4F1}.Debug|Any CPU.ActiveCfg = Debug|Any CPU
		{134A2946-10C9-4F9F-85C3-0EE74910D4F1}.Debug|Any CPU.Build.0 = Debug|Any CPU
		{134A2946-10C9-4F9F-85C3-0EE74910D4F1}.Release|Any CPU.ActiveCfg = Release|Any CPU
		{134A2946-10C9-4F9F-85C3-0EE74910D4F1}.Release|Any CPU.Build.0 = Release|Any CPU
		{D36DAE47-F2FD-4FB6-9B09-EB5FC17539BA}.Debug|Any CPU.ActiveCfg = Debug|Any CPU
		{D36DAE47-F2FD-4FB6-9B09-EB5FC17539BA}.Debug|Any CPU.Build.0 = Debug|Any CPU
		{D36DAE47-F2FD-4FB6-9B09-EB5FC17539BA}.Release|Any CPU.ActiveCfg = Release|Any CPU
		{D36DAE47-F2FD-4FB6-9B09-EB5FC17539BA}.Release|Any CPU.Build.0 = Release|Any CPU
	EndGlobalSection
	GlobalSection(NestedProjects) = preSolution
		{3C2A872C-BA31-4651-9D69-2FDECED1335E} = {F0235CA7-4D0E-4CA4-999B-6188105BF8F1}
		{3B1E0931-E626-46E5-A3EA-3D709563AB28} = {4DDC5E11-D15D-4D47-B037-4FE4C6F417B4}
		{29E82916-DA8A-43C9-9337-1F49DFF0669D} = {4DDC5E11-D15D-4D47-B037-4FE4C6F417B4}
		{08CDCBB8-E5AF-4C87-B62E-24BA5F76E235} = {4DDC5E11-D15D-4D47-B037-4FE4C6F417B4}
		{65F46201-7E1C-4C49-A7BC-902069BB7AF2} = {4DDC5E11-D15D-4D47-B037-4FE4C6F417B4}
		{134A2946-10C9-4F9F-85C3-0EE74910D4F1} = {CE7C961C-A98E-42EE-A815-380D49560A6C}
		{D36DAE47-F2FD-4FB6-9B09-EB5FC17539BA} = {CE7C961C-A98E-42EE-A815-380D49560A6C}
	EndGlobalSection
EndGlobal
